// !$*UTF8*$!
{
	archiveVersion = 1;
	classes = {
	};
	objectVersion = 46;
	objects = {

/* Begin PBXBuildFile section */
		02232D2C1EEE3002005E29A9 /* main.m in Sources */ = {isa = PBXBuildFile; fileRef = 02232D2B1EEE3002005E29A9 /* main.m */; };
		02232D2F1EEE3002005E29A9 /* AppDelegate.m in Sources */ = {isa = PBXBuildFile; fileRef = 02232D2E1EEE3002005E29A9 /* AppDelegate.m */; };
		02232D351EEE3002005E29A9 /* Main.storyboard in Resources */ = {isa = PBXBuildFile; fileRef = 02232D331EEE3002005E29A9 /* Main.storyboard */; };
		02232D371EEE3002005E29A9 /* Assets.xcassets in Resources */ = {isa = PBXBuildFile; fileRef = 02232D361EEE3002005E29A9 /* Assets.xcassets */; };
		02232D3A1EEE3002005E29A9 /* LaunchScreen.storyboard in Resources */ = {isa = PBXBuildFile; fileRef = 02232D381EEE3002005E29A9 /* LaunchScreen.storyboard */; };
		02232D451EEE3003005E29A9 /* Masony____Tests.m in Sources */ = {isa = PBXBuildFile; fileRef = 02232D441EEE3003005E29A9 /* Masony____Tests.m */; };
		02232D501EEE3003005E29A9 /* Masony____UITests.m in Sources */ = {isa = PBXBuildFile; fileRef = 02232D4F1EEE3003005E29A9 /* Masony____UITests.m */; };
		02232E111EEF9ABE005E29A9 /* EightViewController.m in Sources */ = {isa = PBXBuildFile; fileRef = 02232E021EEF9ABE005E29A9 /* EightViewController.m */; };
		02232E121EEF9ABE005E29A9 /* FiveViewController.m in Sources */ = {isa = PBXBuildFile; fileRef = 02232E041EEF9ABE005E29A9 /* FiveViewController.m */; };
		02232E131EEF9ABE005E29A9 /* FourViewController.m in Sources */ = {isa = PBXBuildFile; fileRef = 02232E061EEF9ABE005E29A9 /* FourViewController.m */; };
		02232E141EEF9ABE005E29A9 /* OneViewController.m in Sources */ = {isa = PBXBuildFile; fileRef = 02232E081EEF9ABE005E29A9 /* OneViewController.m */; };
		02232E151EEF9ABE005E29A9 /* SevenViewController.m in Sources */ = {isa = PBXBuildFile; fileRef = 02232E0A1EEF9ABE005E29A9 /* SevenViewController.m */; };
		02232E161EEF9ABE005E29A9 /* SixViewController.m in Sources */ = {isa = PBXBuildFile; fileRef = 02232E0C1EEF9ABE005E29A9 /* SixViewController.m */; };
		02232E171EEF9ABE005E29A9 /* ThreeViewController.m in Sources */ = {isa = PBXBuildFile; fileRef = 02232E0E1EEF9ABE005E29A9 /* ThreeViewController.m */; };
		02232E181EEF9ABE005E29A9 /* TwoViewController.m in Sources */ = {isa = PBXBuildFile; fileRef = 02232E101EEF9ABE005E29A9 /* TwoViewController.m */; };
		02232E331EEF9AD6005E29A9 /* MASCompositeConstraint.m in Sources */ = {isa = PBXBuildFile; fileRef = 02232E1B1EEF9AD6005E29A9 /* MASCompositeConstraint.m */; };
		02232E341EEF9AD7005E29A9 /* MASConstraint.m in Sources */ = {isa = PBXBuildFile; fileRef = 02232E1E1EEF9AD6005E29A9 /* MASConstraint.m */; };
		02232E351EEF9AD7005E29A9 /* MASConstraintMaker.m in Sources */ = {isa = PBXBuildFile; fileRef = 02232E201EEF9AD6005E29A9 /* MASConstraintMaker.m */; };
		02232E361EEF9AD7005E29A9 /* MASLayoutConstraint.m in Sources */ = {isa = PBXBuildFile; fileRef = 02232E221EEF9AD6005E29A9 /* MASLayoutConstraint.m */; };
		02232E371EEF9AD7005E29A9 /* MASViewAttribute.m in Sources */ = {isa = PBXBuildFile; fileRef = 02232E261EEF9AD6005E29A9 /* MASViewAttribute.m */; };
		02232E381EEF9AD7005E29A9 /* MASViewConstraint.m in Sources */ = {isa = PBXBuildFile; fileRef = 02232E281EEF9AD6005E29A9 /* MASViewConstraint.m */; };
		02232E391EEF9AD7005E29A9 /* NSArray+MASAdditions.m in Sources */ = {isa = PBXBuildFile; fileRef = 02232E2A1EEF9AD6005E29A9 /* NSArray+MASAdditions.m */; };
		02232E3A1EEF9AD7005E29A9 /* NSLayoutConstraint+MASDebugAdditions.m in Sources */ = {isa = PBXBuildFile; fileRef = 02232E2D1EEF9AD6005E29A9 /* NSLayoutConstraint+MASDebugAdditions.m */; };
		02232E3B1EEF9AD7005E29A9 /* View+MASAdditions.m in Sources */ = {isa = PBXBuildFile; fileRef = 02232E2F1EEF9AD6005E29A9 /* View+MASAdditions.m */; };
		02232E3C1EEF9AD7005E29A9 /* ViewController+MASAdditions.m in Sources */ = {isa = PBXBuildFile; fileRef = 02232E321EEF9AD6005E29A9 /* ViewController+MASAdditions.m */; };
/* End PBXBuildFile section */

/* Begin PBXContainerItemProxy section */
		02232D411EEE3003005E29A9 /* PBXContainerItemProxy */ = {
			isa = PBXContainerItemProxy;
			containerPortal = 02232D1F1EEE3002005E29A9 /* Project object */;
			proxyType = 1;
			remoteGlobalIDString = 02232D261EEE3002005E29A9;
			remoteInfo = "Masony基本使用";
		};
		02232D4C1EEE3003005E29A9 /* PBXContainerItemProxy */ = {
			isa = PBXContainerItemProxy;
			containerPortal = 02232D1F1EEE3002005E29A9 /* Project object */;
			proxyType = 1;
			remoteGlobalIDString = 02232D261EEE3002005E29A9;
			remoteInfo = "Masony基本使用";
		};
/* End PBXContainerItemProxy section */

/* Begin PBXFileReference section */
		02232D271EEE3002005E29A9 /* Masony基本使用.app */ = {isa = PBXFileReference; explicitFileType = wrapper.application; includeInIndex = 0; path = "Masony基本使用.app"; sourceTree = BUILT_PRODUCTS_DIR; };
		02232D2B1EEE3002005E29A9 /* main.m */ = {isa = PBXFileReference; lastKnownFileType = sourcecode.c.objc; path = main.m; sourceTree = "<group>"; };
		02232D2D1EEE3002005E29A9 /* AppDelegate.h */ = {isa = PBXFileReference; lastKnownFileType = sourcecode.c.h; path = AppDelegate.h; sourceTree = "<group>"; };
		02232D2E1EEE3002005E29A9 /* AppDelegate.m */ = {isa = PBXFileReference; lastKnownFileType = sourcecode.c.objc; path = AppDelegate.m; sourceTree = "<group>"; };
		02232D341EEE3002005E29A9 /* Base */ = {isa = PBXFileReference; lastKnownFileType = file.storyboard; name = Base; path = Base.lproj/Main.storyboard; sourceTree = "<group>"; };
		02232D361EEE3002005E29A9 /* Assets.xcassets */ = {isa = PBXFileReference; lastKnownFileType = folder.assetcatalog; path = Assets.xcassets; sourceTree = "<group>"; };
		02232D391EEE3002005E29A9 /* Base */ = {isa = PBXFileReference; lastKnownFileType = file.storyboard; name = Base; path = Base.lproj/LaunchScreen.storyboard; sourceTree = "<group>"; };
		02232D3B1EEE3002005E29A9 /* Info.plist */ = {isa = PBXFileReference; lastKnownFileType = text.plist.xml; path = Info.plist; sourceTree = "<group>"; };
		02232D401EEE3003005E29A9 /* Masony基本使用Tests.xctest */ = {isa = PBXFileReference; explicitFileType = wrapper.cfbundle; includeInIndex = 0; path = "Masony基本使用Tests.xctest"; sourceTree = BUILT_PRODUCTS_DIR; };
		02232D441EEE3003005E29A9 /* Masony____Tests.m */ = {isa = PBXFileReference; lastKnownFileType = sourcecode.c.objc; path = "Masony____Tests.m"; sourceTree = "<group>"; };
		02232D461EEE3003005E29A9 /* Info.plist */ = {isa = PBXFileReference; lastKnownFileType = text.plist.xml; path = Info.plist; sourceTree = "<group>"; };
		02232D4B1EEE3003005E29A9 /* Masony基本使用UITests.xctest */ = {isa = PBXFileReference; explicitFileType = wrapper.cfbundle; includeInIndex = 0; path = "Masony基本使用UITests.xctest"; sourceTree = BUILT_PRODUCTS_DIR; };
		02232D4F1EEE3003005E29A9 /* Masony____UITests.m */ = {isa = PBXFileReference; lastKnownFileType = sourcecode.c.objc; path = "Masony____UITests.m"; sourceTree = "<group>"; };
		02232D511EEE3003005E29A9 /* Info.plist */ = {isa = PBXFileReference; lastKnownFileType = text.plist.xml; path = Info.plist; sourceTree = "<group>"; };
		02232E011EEF9ABE005E29A9 /* EightViewController.h */ = {isa = PBXFileReference; fileEncoding = 4; lastKnownFileType = sourcecode.c.h; path = EightViewController.h; sourceTree = "<group>"; };
		02232E021EEF9ABE005E29A9 /* EightViewController.m */ = {isa = PBXFileReference; fileEncoding = 4; lastKnownFileType = sourcecode.c.objc; path = EightViewController.m; sourceTree = "<group>"; };
		02232E031EEF9ABE005E29A9 /* FiveViewController.h */ = {isa = PBXFileReference; fileEncoding = 4; lastKnownFileType = sourcecode.c.h; path = FiveViewController.h; sourceTree = "<group>"; };
		02232E041EEF9ABE005E29A9 /* FiveViewController.m */ = {isa = PBXFileReference; fileEncoding = 4; lastKnownFileType = sourcecode.c.objc; path = FiveViewController.m; sourceTree = "<group>"; };
		02232E051EEF9ABE005E29A9 /* FourViewController.h */ = {isa = PBXFileReference; fileEncoding = 4; lastKnownFileType = sourcecode.c.h; path = FourViewController.h; sourceTree = "<group>"; };
		02232E061EEF9ABE005E29A9 /* FourViewController.m */ = {isa = PBXFileReference; fileEncoding = 4; lastKnownFileType = sourcecode.c.objc; path = FourViewController.m; sourceTree = "<group>"; };
		02232E071EEF9ABE005E29A9 /* OneViewController.h */ = {isa = PBXFileReference; fileEncoding = 4; lastKnownFileType = sourcecode.c.h; path = OneViewController.h; sourceTree = "<group>"; };
		02232E081EEF9ABE005E29A9 /* OneViewController.m */ = {isa = PBXFileReference; fileEncoding = 4; lastKnownFileType = sourcecode.c.objc; path = OneViewController.m; sourceTree = "<group>"; };
		02232E091EEF9ABE005E29A9 /* SevenViewController.h */ = {isa = PBXFileReference; fileEncoding = 4; lastKnownFileType = sourcecode.c.h; path = SevenViewController.h; sourceTree = "<group>"; };
		02232E0A1EEF9ABE005E29A9 /* SevenViewController.m */ = {isa = PBXFileReference; fileEncoding = 4; lastKnownFileType = sourcecode.c.objc; path = SevenViewController.m; sourceTree = "<group>"; };
		02232E0B1EEF9ABE005E29A9 /* SixViewController.h */ = {isa = PBXFileReference; fileEncoding = 4; lastKnownFileType = sourcecode.c.h; path = SixViewController.h; sourceTree = "<group>"; };
		02232E0C1EEF9ABE005E29A9 /* SixViewController.m */ = {isa = PBXFileReference; fileEncoding = 4; lastKnownFileType = sourcecode.c.objc; path = SixViewController.m; sourceTree = "<group>"; };
		02232E0D1EEF9ABE005E29A9 /* ThreeViewController.h */ = {isa = PBXFileReference; fileEncoding = 4; lastKnownFileType = sourcecode.c.h; path = ThreeViewController.h; sourceTree = "<group>"; };
		02232E0E1EEF9ABE005E29A9 /* ThreeViewController.m */ = {isa = PBXFileReference; fileEncoding = 4; lastKnownFileType = sourcecode.c.objc; path = ThreeViewController.m; sourceTree = "<group>"; };
		02232E0F1EEF9ABE005E29A9 /* TwoViewController.h */ = {isa = PBXFileReference; fileEncoding = 4; lastKnownFileType = sourcecode.c.h; path = TwoViewController.h; sourceTree = "<group>"; };
		02232E101EEF9ABE005E29A9 /* TwoViewController.m */ = {isa = PBXFileReference; fileEncoding = 4; lastKnownFileType = sourcecode.c.objc; path = TwoViewController.m; sourceTree = "<group>"; };
		02232E1A1EEF9AD6005E29A9 /* MASCompositeConstraint.h */ = {isa = PBXFileReference; fileEncoding = 4; lastKnownFileType = sourcecode.c.h; path = MASCompositeConstraint.h; sourceTree = "<group>"; };
		02232E1B1EEF9AD6005E29A9 /* MASCompositeConstraint.m */ = {isa = PBXFileReference; fileEncoding = 4; lastKnownFileType = sourcecode.c.objc; path = MASCompositeConstraint.m; sourceTree = "<group>"; };
		02232E1C1EEF9AD6005E29A9 /* MASConstraint+Private.h */ = {isa = PBXFileReference; fileEncoding = 4; lastKnownFileType = sourcecode.c.h; path = "MASConstraint+Private.h"; sourceTree = "<group>"; };
		02232E1D1EEF9AD6005E29A9 /* MASConstraint.h */ = {isa = PBXFileReference; fileEncoding = 4; lastKnownFileType = sourcecode.c.h; path = MASConstraint.h; sourceTree = "<group>"; };
		02232E1E1EEF9AD6005E29A9 /* MASConstraint.m */ = {isa = PBXFileReference; fileEncoding = 4; lastKnownFileType = sourcecode.c.objc; path = MASConstraint.m; sourceTree = "<group>"; };
		02232E1F1EEF9AD6005E29A9 /* MASConstraintMaker.h */ = {isa = PBXFileReference; fileEncoding = 4; lastKnownFileType = sourcecode.c.h; path = MASConstraintMaker.h; sourceTree = "<group>"; };
		02232E201EEF9AD6005E29A9 /* MASConstraintMaker.m */ = {isa = PBXFileReference; fileEncoding = 4; lastKnownFileType = sourcecode.c.objc; path = MASConstraintMaker.m; sourceTree = "<group>"; };
		02232E211EEF9AD6005E29A9 /* MASLayoutConstraint.h */ = {isa = PBXFileReference; fileEncoding = 4; lastKnownFileType = sourcecode.c.h; path = MASLayoutConstraint.h; sourceTree = "<group>"; };
		02232E221EEF9AD6005E29A9 /* MASLayoutConstraint.m */ = {isa = PBXFileReference; fileEncoding = 4; lastKnownFileType = sourcecode.c.objc; path = MASLayoutConstraint.m; sourceTree = "<group>"; };
		02232E231EEF9AD6005E29A9 /* Masonry.h */ = {isa = PBXFileReference; fileEncoding = 4; lastKnownFileType = sourcecode.c.h; path = Masonry.h; sourceTree = "<group>"; };
		02232E241EEF9AD6005E29A9 /* MASUtilities.h */ = {isa = PBXFileReference; fileEncoding = 4; lastKnownFileType = sourcecode.c.h; path = MASUtilities.h; sourceTree = "<group>"; };
		02232E251EEF9AD6005E29A9 /* MASViewAttribute.h */ = {isa = PBXFileReference; fileEncoding = 4; lastKnownFileType = sourcecode.c.h; path = MASViewAttribute.h; sourceTree = "<group>"; };
		02232E261EEF9AD6005E29A9 /* MASViewAttribute.m */ = {isa = PBXFileReference; fileEncoding = 4; lastKnownFileType = sourcecode.c.objc; path = MASViewAttribute.m; sourceTree = "<group>"; };
		02232E271EEF9AD6005E29A9 /* MASViewConstraint.h */ = {isa = PBXFileReference; fileEncoding = 4; lastKnownFileType = sourcecode.c.h; path = MASViewConstraint.h; sourceTree = "<group>"; };
		02232E281EEF9AD6005E29A9 /* MASViewConstraint.m */ = {isa = PBXFileReference; fileEncoding = 4; lastKnownFileType = sourcecode.c.objc; path = MASViewConstraint.m; sourceTree = "<group>"; };
		02232E291EEF9AD6005E29A9 /* NSArray+MASAdditions.h */ = {isa = PBXFileReference; fileEncoding = 4; lastKnownFileType = sourcecode.c.h; path = "NSArray+MASAdditions.h"; sourceTree = "<group>"; };
		02232E2A1EEF9AD6005E29A9 /* NSArray+MASAdditions.m */ = {isa = PBXFileReference; fileEncoding = 4; lastKnownFileType = sourcecode.c.objc; path = "NSArray+MASAdditions.m"; sourceTree = "<group>"; };
		02232E2B1EEF9AD6005E29A9 /* NSArray+MASShorthandAdditions.h */ = {isa = PBXFileReference; fileEncoding = 4; lastKnownFileType = sourcecode.c.h; path = "NSArray+MASShorthandAdditions.h"; sourceTree = "<group>"; };
		02232E2C1EEF9AD6005E29A9 /* NSLayoutConstraint+MASDebugAdditions.h */ = {isa = PBXFileReference; fileEncoding = 4; lastKnownFileType = sourcecode.c.h; path = "NSLayoutConstraint+MASDebugAdditions.h"; sourceTree = "<group>"; };
		02232E2D1EEF9AD6005E29A9 /* NSLayoutConstraint+MASDebugAdditions.m */ = {isa = PBXFileReference; fileEncoding = 4; lastKnownFileType = sourcecode.c.objc; path = "NSLayoutConstraint+MASDebugAdditions.m"; sourceTree = "<group>"; };
		02232E2E1EEF9AD6005E29A9 /* View+MASAdditions.h */ = {isa = PBXFileReference; fileEncoding = 4; lastKnownFileType = sourcecode.c.h; path = "View+MASAdditions.h"; sourceTree = "<group>"; };
		02232E2F1EEF9AD6005E29A9 /* View+MASAdditions.m */ = {isa = PBXFileReference; fileEncoding = 4; lastKnownFileType = sourcecode.c.objc; path = "View+MASAdditions.m"; sourceTree = "<group>"; };
		02232E301EEF9AD6005E29A9 /* View+MASShorthandAdditions.h */ = {isa = PBXFileReference; fileEncoding = 4; lastKnownFileType = sourcecode.c.h; path = "View+MASShorthandAdditions.h"; sourceTree = "<group>"; };
		02232E311EEF9AD6005E29A9 /* ViewController+MASAdditions.h */ = {isa = PBXFileReference; fileEncoding = 4; lastKnownFileType = sourcecode.c.h; path = "ViewController+MASAdditions.h"; sourceTree = "<group>"; };
		02232E321EEF9AD6005E29A9 /* ViewController+MASAdditions.m */ = {isa = PBXFileReference; fileEncoding = 4; lastKnownFileType = sourcecode.c.objc; path = "ViewController+MASAdditions.m"; sourceTree = "<group>"; };
/* End PBXFileReference section */

/* Begin PBXFrameworksBuildPhase section */
		02232D241EEE3002005E29A9 /* Frameworks */ = {
			isa = PBXFrameworksBuildPhase;
			buildActionMask = 2147483647;
			files = (
			);
			runOnlyForDeploymentPostprocessing = 0;
		};
		02232D3D1EEE3003005E29A9 /* Frameworks */ = {
			isa = PBXFrameworksBuildPhase;
			buildActionMask = 2147483647;
			files = (
			);
			runOnlyForDeploymentPostprocessing = 0;
		};
		02232D481EEE3003005E29A9 /* Frameworks */ = {
			isa = PBXFrameworksBuildPhase;
			buildActionMask = 2147483647;
			files = (
			);
			runOnlyForDeploymentPostprocessing = 0;
		};
/* End PBXFrameworksBuildPhase section */

/* Begin PBXGroup section */
		02232D1E1EEE3002005E29A9 = {
			isa = PBXGroup;
			children = (
				02232D291EEE3002005E29A9 /* Masony基本使用 */,
				02232D431EEE3003005E29A9 /* Masony基本使用Tests */,
				02232D4E1EEE3003005E29A9 /* Masony基本使用UITests */,
				02232D281EEE3002005E29A9 /* Products */,
			);
			sourceTree = "<group>";
		};
		02232D281EEE3002005E29A9 /* Products */ = {
			isa = PBXGroup;
			children = (
				02232D271EEE3002005E29A9 /* Masony基本使用.app */,
				02232D401EEE3003005E29A9 /* Masony基本使用Tests.xctest */,
				02232D4B1EEE3003005E29A9 /* Masony基本使用UITests.xctest */,
			);
			name = Products;
			sourceTree = "<group>";
		};
		02232D291EEE3002005E29A9 /* Masony基本使用 */ = {
			isa = PBXGroup;
			children = (
				02232E191EEF9AD6005E29A9 /* Masonry */,
				02232D2D1EEE3002005E29A9 /* AppDelegate.h */,
				02232D2E1EEE3002005E29A9 /* AppDelegate.m */,
				02232E011EEF9ABE005E29A9 /* EightViewController.h */,
				02232E021EEF9ABE005E29A9 /* EightViewController.m */,
				02232E031EEF9ABE005E29A9 /* FiveViewController.h */,
				02232E041EEF9ABE005E29A9 /* FiveViewController.m */,
				02232E051EEF9ABE005E29A9 /* FourViewController.h */,
				02232E061EEF9ABE005E29A9 /* FourViewController.m */,
				02232E071EEF9ABE005E29A9 /* OneViewController.h */,
				02232E081EEF9ABE005E29A9 /* OneViewController.m */,
				02232E091EEF9ABE005E29A9 /* SevenViewController.h */,
				02232E0A1EEF9ABE005E29A9 /* SevenViewController.m */,
				02232E0B1EEF9ABE005E29A9 /* SixViewController.h */,
				02232E0C1EEF9ABE005E29A9 /* SixViewController.m */,
				02232E0D1EEF9ABE005E29A9 /* ThreeViewController.h */,
				02232E0E1EEF9ABE005E29A9 /* ThreeViewController.m */,
				02232E0F1EEF9ABE005E29A9 /* TwoViewController.h */,
				02232E101EEF9ABE005E29A9 /* TwoViewController.m */,
				02232D331EEE3002005E29A9 /* Main.storyboard */,
				02232D361EEE3002005E29A9 /* Assets.xcassets */,
				02232D381EEE3002005E29A9 /* LaunchScreen.storyboard */,
				02232D3B1EEE3002005E29A9 /* Info.plist */,
				02232D2A1EEE3002005E29A9 /* Supporting Files */,
			);
			path = "Masony基本使用";
			sourceTree = "<group>";
		};
		02232D2A1EEE3002005E29A9 /* Supporting Files */ = {
			isa = PBXGroup;
			children = (
				02232D2B1EEE3002005E29A9 /* main.m */,
			);
			name = "Supporting Files";
			sourceTree = "<group>";
		};
		02232D431EEE3003005E29A9 /* Masony基本使用Tests */ = {
			isa = PBXGroup;
			children = (
				02232D441EEE3003005E29A9 /* Masony____Tests.m */,
				02232D461EEE3003005E29A9 /* Info.plist */,
			);
			path = "Masony基本使用Tests";
			sourceTree = "<group>";
		};
		02232D4E1EEE3003005E29A9 /* Masony基本使用UITests */ = {
			isa = PBXGroup;
			children = (
				02232D4F1EEE3003005E29A9 /* Masony____UITests.m */,
				02232D511EEE3003005E29A9 /* Info.plist */,
			);
			path = "Masony基本使用UITests";
			sourceTree = "<group>";
		};
		02232E191EEF9AD6005E29A9 /* Masonry */ = {
			isa = PBXGroup;
			children = (
				02232E1A1EEF9AD6005E29A9 /* MASCompositeConstraint.h */,
				02232E1B1EEF9AD6005E29A9 /* MASCompositeConstraint.m */,
				02232E1C1EEF9AD6005E29A9 /* MASConstraint+Private.h */,
				02232E1D1EEF9AD6005E29A9 /* MASConstraint.h */,
				02232E1E1EEF9AD6005E29A9 /* MASConstraint.m */,
				02232E1F1EEF9AD6005E29A9 /* MASConstraintMaker.h */,
				02232E201EEF9AD6005E29A9 /* MASConstraintMaker.m */,
				02232E211EEF9AD6005E29A9 /* MASLayoutConstraint.h */,
				02232E221EEF9AD6005E29A9 /* MASLayoutConstraint.m */,
				02232E231EEF9AD6005E29A9 /* Masonry.h */,
				02232E241EEF9AD6005E29A9 /* MASUtilities.h */,
				02232E251EEF9AD6005E29A9 /* MASViewAttribute.h */,
				02232E261EEF9AD6005E29A9 /* MASViewAttribute.m */,
				02232E271EEF9AD6005E29A9 /* MASViewConstraint.h */,
				02232E281EEF9AD6005E29A9 /* MASViewConstraint.m */,
				02232E291EEF9AD6005E29A9 /* NSArray+MASAdditions.h */,
				02232E2A1EEF9AD6005E29A9 /* NSArray+MASAdditions.m */,
				02232E2B1EEF9AD6005E29A9 /* NSArray+MASShorthandAdditions.h */,
				02232E2C1EEF9AD6005E29A9 /* NSLayoutConstraint+MASDebugAdditions.h */,
				02232E2D1EEF9AD6005E29A9 /* NSLayoutConstraint+MASDebugAdditions.m */,
				02232E2E1EEF9AD6005E29A9 /* View+MASAdditions.h */,
				02232E2F1EEF9AD6005E29A9 /* View+MASAdditions.m */,
				02232E301EEF9AD6005E29A9 /* View+MASShorthandAdditions.h */,
				02232E311EEF9AD6005E29A9 /* ViewController+MASAdditions.h */,
				02232E321EEF9AD6005E29A9 /* ViewController+MASAdditions.m */,
			);
			path = Masonry;
			sourceTree = "<group>";
		};
/* End PBXGroup section */

/* Begin PBXNativeTarget section */
		02232D261EEE3002005E29A9 /* Masony基本使用 */ = {
			isa = PBXNativeTarget;
			buildConfigurationList = 02232D541EEE3003005E29A9 /* Build configuration list for PBXNativeTarget "Masony基本使用" */;
			buildPhases = (
				02232D231EEE3002005E29A9 /* Sources */,
				02232D241EEE3002005E29A9 /* Frameworks */,
				02232D251EEE3002005E29A9 /* Resources */,
			);
			buildRules = (
			);
			dependencies = (
			);
			name = "Masony基本使用";
			productName = "Masony基本使用";
			productReference = 02232D271EEE3002005E29A9 /* Masony基本使用.app */;
			productType = "com.apple.product-type.application";
		};
		02232D3F1EEE3003005E29A9 /* Masony基本使用Tests */ = {
			isa = PBXNativeTarget;
			buildConfigurationList = 02232D571EEE3003005E29A9 /* Build configuration list for PBXNativeTarget "Masony基本使用Tests" */;
			buildPhases = (
				02232D3C1EEE3003005E29A9 /* Sources */,
				02232D3D1EEE3003005E29A9 /* Frameworks */,
				02232D3E1EEE3003005E29A9 /* Resources */,
			);
			buildRules = (
			);
			dependencies = (
				02232D421EEE3003005E29A9 /* PBXTargetDependency */,
			);
			name = "Masony基本使用Tests";
			productName = "Masony基本使用Tests";
			productReference = 02232D401EEE3003005E29A9 /* Masony基本使用Tests.xctest */;
			productType = "com.apple.product-type.bundle.unit-test";
		};
		02232D4A1EEE3003005E29A9 /* Masony基本使用UITests */ = {
			isa = PBXNativeTarget;
			buildConfigurationList = 02232D5A1EEE3003005E29A9 /* Build configuration list for PBXNativeTarget "Masony基本使用UITests" */;
			buildPhases = (
				02232D471EEE3003005E29A9 /* Sources */,
				02232D481EEE3003005E29A9 /* Frameworks */,
				02232D491EEE3003005E29A9 /* Resources */,
			);
			buildRules = (
			);
			dependencies = (
				02232D4D1EEE3003005E29A9 /* PBXTargetDependency */,
			);
			name = "Masony基本使用UITests";
			productName = "Masony基本使用UITests";
			productReference = 02232D4B1EEE3003005E29A9 /* Masony基本使用UITests.xctest */;
			productType = "com.apple.product-type.bundle.ui-testing";
		};
/* End PBXNativeTarget section */

/* Begin PBXProject section */
		02232D1F1EEE3002005E29A9 /* Project object */ = {
			isa = PBXProject;
			attributes = {
				LastUpgradeCheck = 0830;
				ORGANIZATIONNAME = KingSoft;
				TargetAttributes = {
					02232D261EEE3002005E29A9 = {
						CreatedOnToolsVersion = 8.3.2;
						ProvisioningStyle = Automatic;
					};
					02232D3F1EEE3003005E29A9 = {
						CreatedOnToolsVersion = 8.3.2;
						ProvisioningStyle = Automatic;
						TestTargetID = 02232D261EEE3002005E29A9;
					};
					02232D4A1EEE3003005E29A9 = {
						CreatedOnToolsVersion = 8.3.2;
						ProvisioningStyle = Automatic;
						TestTargetID = 02232D261EEE3002005E29A9;
					};
				};
			};
			buildConfigurationList = 02232D221EEE3002005E29A9 /* Build configuration list for PBXProject "Masony基本使用" */;
			compatibilityVersion = "Xcode 3.2";
			developmentRegion = English;
			hasScannedForEncodings = 0;
			knownRegions = (
				en,
				Base,
			);
			mainGroup = 02232D1E1EEE3002005E29A9;
			productRefGroup = 02232D281EEE3002005E29A9 /* Products */;
			projectDirPath = "";
			projectRoot = "";
			targets = (
				02232D261EEE3002005E29A9 /* Masony基本使用 */,
				02232D3F1EEE3003005E29A9 /* Masony基本使用Tests */,
				02232D4A1EEE3003005E29A9 /* Masony基本使用UITests */,
			);
		};
/* End PBXProject section */

/* Begin PBXResourcesBuildPhase section */
		02232D251EEE3002005E29A9 /* Resources */ = {
			isa = PBXResourcesBuildPhase;
			buildActionMask = 2147483647;
			files = (
				02232D3A1EEE3002005E29A9 /* LaunchScreen.storyboard in Resources */,
				02232D371EEE3002005E29A9 /* Assets.xcassets in Resources */,
				02232D351EEE3002005E29A9 /* Main.storyboard in Resources */,
			);
			runOnlyForDeploymentPostprocessing = 0;
		};
		02232D3E1EEE3003005E29A9 /* Resources */ = {
			isa = PBXResourcesBuildPhase;
			buildActionMask = 2147483647;
			files = (
			);
			runOnlyForDeploymentPostprocessing = 0;
		};
		02232D491EEE3003005E29A9 /* Resources */ = {
			isa = PBXResourcesBuildPhase;
			buildActionMask = 2147483647;
			files = (
			);
			runOnlyForDeploymentPostprocessing = 0;
		};
/* End PBXResourcesBuildPhase section */

/* Begin PBXSourcesBuildPhase section */
		02232D231EEE3002005E29A9 /* Sources */ = {
			isa = PBXSourcesBuildPhase;
			buildActionMask = 2147483647;
			files = (
				02232E3B1EEF9AD7005E29A9 /* View+MASAdditions.m in Sources */,
				02232E121EEF9ABE005E29A9 /* FiveViewController.m in Sources */,
				02232E161EEF9ABE005E29A9 /* SixViewController.m in Sources */,
				02232D2F1EEE3002005E29A9 /* AppDelegate.m in Sources */,
				02232E181EEF9ABE005E29A9 /* TwoViewController.m in Sources */,
				02232E131EEF9ABE005E29A9 /* FourViewController.m in Sources */,
				02232E3C1EEF9AD7005E29A9 /* ViewController+MASAdditions.m in Sources */,
				02232E371EEF9AD7005E29A9 /* MASViewAttribute.m in Sources */,
				02232E331EEF9AD6005E29A9 /* MASCompositeConstraint.m in Sources */,
				02232E141EEF9ABE005E29A9 /* OneViewController.m in Sources */,
				02232D2C1EEE3002005E29A9 /* main.m in Sources */,
				02232E351EEF9AD7005E29A9 /* MASConstraintMaker.m in Sources */,
				02232E341EEF9AD7005E29A9 /* MASConstraint.m in Sources */,
				02232E3A1EEF9AD7005E29A9 /* NSLayoutConstraint+MASDebugAdditions.m in Sources */,
				02232E361EEF9AD7005E29A9 /* MASLayoutConstraint.m in Sources */,
				02232E391EEF9AD7005E29A9 /* NSArray+MASAdditions.m in Sources */,
				02232E171EEF9ABE005E29A9 /* ThreeViewController.m in Sources */,
				02232E111EEF9ABE005E29A9 /* EightViewController.m in Sources */,
				02232E151EEF9ABE005E29A9 /* SevenViewController.m in Sources */,
				02232E381EEF9AD7005E29A9 /* MASViewConstraint.m in Sources */,
			);
			runOnlyForDeploymentPostprocessing = 0;
		};
		02232D3C1EEE3003005E29A9 /* Sources */ = {
			isa = PBXSourcesBuildPhase;
			buildActionMask = 2147483647;
			files = (
				02232D451EEE3003005E29A9 /* Masony____Tests.m in Sources */,
			);
			runOnlyForDeploymentPostprocessing = 0;
		};
		02232D471EEE3003005E29A9 /* Sources */ = {
			isa = PBXSourcesBuildPhase;
			buildActionMask = 2147483647;
			files = (
				02232D501EEE3003005E29A9 /* Masony____UITests.m in Sources */,
			);
			runOnlyForDeploymentPostprocessing = 0;
		};
/* End PBXSourcesBuildPhase section */

/* Begin PBXTargetDependency section */
		02232D421EEE3003005E29A9 /* PBXTargetDependency */ = {
			isa = PBXTargetDependency;
			target = 02232D261EEE3002005E29A9 /* Masony基本使用 */;
			targetProxy = 02232D411EEE3003005E29A9 /* PBXContainerItemProxy */;
		};
		02232D4D1EEE3003005E29A9 /* PBXTargetDependency */ = {
			isa = PBXTargetDependency;
			target = 02232D261EEE3002005E29A9 /* Masony基本使用 */;
			targetProxy = 02232D4C1EEE3003005E29A9 /* PBXContainerItemProxy */;
		};
/* End PBXTargetDependency section */

/* Begin PBXVariantGroup section */
		02232D331EEE3002005E29A9 /* Main.storyboard */ = {
			isa = PBXVariantGroup;
			children = (
				02232D341EEE3002005E29A9 /* Base */,
			);
			name = Main.storyboard;
			sourceTree = "<group>";
		};
		02232D381EEE3002005E29A9 /* LaunchScreen.storyboard */ = {
			isa = PBXVariantGroup;
			children = (
				02232D391EEE3002005E29A9 /* Base */,
			);
			name = LaunchScreen.storyboard;
			sourceTree = "<group>";
		};
/* End PBXVariantGroup section */

/* Begin XCBuildConfiguration section */
		02232D521EEE3003005E29A9 /* Debug */ = {
			isa = XCBuildConfiguration;
			buildSettings = {
				ALWAYS_SEARCH_USER_PATHS = NO;
				CLANG_ANALYZER_NONNULL = YES;
				CLANG_ANALYZER_NUMBER_OBJECT_CONVERSION = YES_AGGRESSIVE;
				CLANG_CXX_LANGUAGE_STANDARD = "gnu++0x";
				CLANG_CXX_LIBRARY = "libc++";
				CLANG_ENABLE_MODULES = YES;
				CLANG_ENABLE_OBJC_ARC = YES;
				CLANG_WARN_BOOL_CONVERSION = YES;
				CLANG_WARN_CONSTANT_CONVERSION = YES;
				CLANG_WARN_DIRECT_OBJC_ISA_USAGE = YES_ERROR;
				CLANG_WARN_DOCUMENTATION_COMMENTS = YES;
				CLANG_WARN_EMPTY_BODY = YES;
				CLANG_WARN_ENUM_CONVERSION = YES;
				CLANG_WARN_INFINITE_RECURSION = YES;
				CLANG_WARN_INT_CONVERSION = YES;
				CLANG_WARN_OBJC_ROOT_CLASS = YES_ERROR;
				CLANG_WARN_SUSPICIOUS_MOVE = YES;
				CLANG_WARN_UNREACHABLE_CODE = YES;
				CLANG_WARN__DUPLICATE_METHOD_MATCH = YES;
				"CODE_SIGN_IDENTITY[sdk=iphoneos*]" = "iPhone Developer";
				COPY_PHASE_STRIP = NO;
				DEBUG_INFORMATION_FORMAT = dwarf;
				ENABLE_STRICT_OBJC_MSGSEND = YES;
				ENABLE_TESTABILITY = YES;
				GCC_C_LANGUAGE_STANDARD = gnu99;
				GCC_DYNAMIC_NO_PIC = NO;
				GCC_NO_COMMON_BLOCKS = YES;
				GCC_OPTIMIZATION_LEVEL = 0;
				GCC_PREPROCESSOR_DEFINITIONS = (
					"DEBUG=1",
					"$(inherited)",
				);
				GCC_WARN_64_TO_32_BIT_CONVERSION = YES;
				GCC_WARN_ABOUT_RETURN_TYPE = YES_ERROR;
				GCC_WARN_UNDECLARED_SELECTOR = YES;
				GCC_WARN_UNINITIALIZED_AUTOS = YES_AGGRESSIVE;
				GCC_WARN_UNUSED_FUNCTION = YES;
				GCC_WARN_UNUSED_VARIABLE = YES;
				IPHONEOS_DEPLOYMENT_TARGET = 10.3;
				MTL_ENABLE_DEBUG_INFO = YES;
				ONLY_ACTIVE_ARCH = YES;
				SDKROOT = iphoneos;
			};
			name = Debug;
		};
		02232D531EEE3003005E29A9 /* Release */ = {
			isa = XCBuildConfiguration;
			buildSettings = {
				ALWAYS_SEARCH_USER_PATHS = NO;
				CLANG_ANALYZER_NONNULL = YES;
				CLANG_ANALYZER_NUMBER_OBJECT_CONVERSION = YES_AGGRESSIVE;
				CLANG_CXX_LANGUAGE_STANDARD = "gnu++0x";
				CLANG_CXX_LIBRARY = "libc++";
				CLANG_ENABLE_MODULES = YES;
				CLANG_ENABLE_OBJC_ARC = YES;
				CLANG_WARN_BOOL_CONVERSION = YES;
				CLANG_WARN_CONSTANT_CONVERSION = YES;
				CLANG_WARN_DIRECT_OBJC_ISA_USAGE = YES_ERROR;
				CLANG_WARN_DOCUMENTATION_COMMENTS = YES;
				CLANG_WARN_EMPTY_BODY = YES;
				CLANG_WARN_ENUM_CONVERSION = YES;
				CLANG_WARN_INFINITE_RECURSION = YES;
				CLANG_WARN_INT_CONVERSION = YES;
				CLANG_WARN_OBJC_ROOT_CLASS = YES_ERROR;
				CLANG_WARN_SUSPICIOUS_MOVE = YES;
				CLANG_WARN_UNREACHABLE_CODE = YES;
				CLANG_WARN__DUPLICATE_METHOD_MATCH = YES;
				"CODE_SIGN_IDENTITY[sdk=iphoneos*]" = "iPhone Developer";
				COPY_PHASE_STRIP = NO;
				DEBUG_INFORMATION_FORMAT = "dwarf-with-dsym";
				ENABLE_NS_ASSERTIONS = NO;
				ENABLE_STRICT_OBJC_MSGSEND = YES;
				GCC_C_LANGUAGE_STANDARD = gnu99;
				GCC_NO_COMMON_BLOCKS = YES;
				GCC_WARN_64_TO_32_BIT_CONVERSION = YES;
				GCC_WARN_ABOUT_RETURN_TYPE = YES_ERROR;
				GCC_WARN_UNDECLARED_SELECTOR = YES;
				GCC_WARN_UNINITIALIZED_AUTOS = YES_AGGRESSIVE;
				GCC_WARN_UNUSED_FUNCTION = YES;
				GCC_WARN_UNUSED_VARIABLE = YES;
				IPHONEOS_DEPLOYMENT_TARGET = 10.3;
				MTL_ENABLE_DEBUG_INFO = NO;
				SDKROOT = iphoneos;
				VALIDATE_PRODUCT = YES;
			};
			name = Release;
		};
		02232D551EEE3003005E29A9 /* Debug */ = {
			isa = XCBuildConfiguration;
			buildSettings = {
				ASSETCATALOG_COMPILER_APPICON_NAME = AppIcon;
				INFOPLIST_FILE = "Masony基本使用/Info.plist";
				LD_RUNPATH_SEARCH_PATHS = "$(inherited) @executable_path/Frameworks";
				PRODUCT_BUNDLE_IDENTIFIER = "com.kingo.3.Masony----";
				PRODUCT_NAME = "$(TARGET_NAME)";
			};
			name = Debug;
		};
		02232D561EEE3003005E29A9 /* Release */ = {
			isa = XCBuildConfiguration;
			buildSettings = {
				ASSETCATALOG_COMPILER_APPICON_NAME = AppIcon;
				INFOPLIST_FILE = "Masony基本使用/Info.plist";
				LD_RUNPATH_SEARCH_PATHS = "$(inherited) @executable_path/Frameworks";
				PRODUCT_BUNDLE_IDENTIFIER = "com.kingo.3.Masony----";
				PRODUCT_NAME = "$(TARGET_NAME)";
			};
			name = Release;
		};
		02232D581EEE3003005E29A9 /* Debug */ = {
			isa = XCBuildConfiguration;
			buildSettings = {
				BUNDLE_LOADER = "$(TEST_HOST)";
				INFOPLIST_FILE = "Masony基本使用Tests/Info.plist";
				LD_RUNPATH_SEARCH_PATHS = "$(inherited) @executable_path/Frameworks @loader_path/Frameworks";
				PRODUCT_BUNDLE_IDENTIFIER = "com.kingo.3.Masony----Tests";
				PRODUCT_NAME = "$(TARGET_NAME)";
				TEST_HOST = "$(BUILT_PRODUCTS_DIR)/Masony基本使用.app/Masony基本使用";
			};
			name = Debug;
		};
		02232D591EEE3003005E29A9 /* Release */ = {
			isa = XCBuildConfiguration;
			buildSettings = {
				BUNDLE_LOADER = "$(TEST_HOST)";
				INFOPLIST_FILE = "Masony基本使用Tests/Info.plist";
				LD_RUNPATH_SEARCH_PATHS = "$(inherited) @executable_path/Frameworks @loader_path/Frameworks";
				PRODUCT_BUNDLE_IDENTIFIER = "com.kingo.3.Masony----Tests";
				PRODUCT_NAME = "$(TARGET_NAME)";
				TEST_HOST = "$(BUILT_PRODUCTS_DIR)/Masony基本使用.app/Masony基本使用";
			};
			name = Release;
		};
		02232D5B1EEE3003005E29A9 /* Debug */ = {
			isa = XCBuildConfiguration;
			buildSettings = {
				INFOPLIST_FILE = "Masony基本使用UITests/Info.plist";
				LD_RUNPATH_SEARCH_PATHS = "$(inherited) @executable_path/Frameworks @loader_path/Frameworks";
				PRODUCT_BUNDLE_IDENTIFIER = "com.kingo.3.Masony----UITests";
				PRODUCT_NAME = "$(TARGET_NAME)";
				TEST_TARGET_NAME = "Masony基本使用";
			};
			name = Debug;
		};
		02232D5C1EEE3003005E29A9 /* Release */ = {
			isa = XCBuildConfiguration;
			buildSettings = {
				INFOPLIST_FILE = "Masony基本使用UITests/Info.plist";
				LD_RUNPATH_SEARCH_PATHS = "$(inherited) @executable_path/Frameworks @loader_path/Frameworks";
				PRODUCT_BUNDLE_IDENTIFIER = "com.kingo.3.Masony----UITests";
				PRODUCT_NAME = "$(TARGET_NAME)";
				TEST_TARGET_NAME = "Masony基本使用";
			};
			name = Release;
		};
/* End XCBuildConfiguration section */

/* Begin XCConfigurationList section */
		02232D221EEE3002005E29A9 /* Build configuration list for PBXProject "Masony基本使用" */ = {
			isa = XCConfigurationList;
			buildConfigurations = (
				02232D521EEE3003005E29A9 /* Debug */,
				02232D531EEE3003005E29A9 /* Release */,
			);
			defaultConfigurationIsVisible = 0;
			defaultConfigurationName = Release;
		};
		02232D541EEE3003005E29A9 /* Build configuration list for PBXNativeTarget "Masony基本使用" */ = {
			isa = XCConfigurationList;
			buildConfigurations = (
				02232D551EEE3003005E29A9 /* Debug */,
				02232D561EEE3003005E29A9 /* Release */,
			);
			defaultConfigurationIsVisible = 0;
		};
		02232D571EEE3003005E29A9 /* Build configuration list for PBXNativeTarget "Masony基本使用Tests" */ = {
			isa = XCConfigurationList;
			buildConfigurations = (
				02232D581EEE3003005E29A9 /* Debug */,
				02232D591EEE3003005E29A9 /* Release */,
			);
			defaultConfigurationIsVisible = 0;
		};
		02232D5A1EEE3003005E29A9 /* Build configuration list for PBXNativeTarget "Masony基本使用UITests" */ = {
			isa = XCConfigurationList;
			buildConfigurations = (
				02232D5B1EEE3003005E29A9 /* Debug */,
				02232D5C1EEE3003005E29A9 /* Release */,
			);
			defaultConfigurationIsVisible = 0;
		};
/* End XCConfigurationList section */
	};
	rootObject = 02232D1F1EEE3002005E29A9 /* Project object */;
}
